
Microsoft Visual Studio Solution File, Format Version 12.00
# Visual Studio Version 16
VisualStudioVersion = 16.0.30517.126
MinimumVisualStudioVersion = 10.0.40219.1
Project("{FAE04EC0-301F-11D3-BF4B-00C04F79EFBC}") = "ConsoleApp6", "ConsoleApp6\ConsoleApp6.csproj", "{A9C97DC9-594D-4347-B43B-E83B6F95C5AA}"
EndProject
Global
	GlobalSection(SolutionConfigurationPlatforms) = preSolution
		Debug|Any CPU = Debug|Any CPU
		Release|Any CPU = Release|Any CPU
	EndGlobalSection
	GlobalSection(ProjectConfigurationPlatforms) = postSolution
		{A9C97DC9-594D-4347-B43B-E83B6F95C5AA}.Debug|Any CPU.ActiveCfg = Debug|Any CPU
		{A9C97DC9-594D-4347-B43B-E83B6F95C5AA}.Debug|Any CPU.Build.0 = Debug|Any CPU
		{A9C97DC9-594D-4347-B43B-E83B6F95C5AA}.Release|Any CPU.ActiveCfg = Release|Any CPU
		{A9C97DC9-594D-4347-B43B-E83B6F95C5AA}.Release|Any CPU.Build.0 = Release|Any CPU
	EndGlobalSection
	GlobalSection(SolutionProperties) = preSolution
		HideSolutionNode = FALSE
	EndGlobalSection
	GlobalSection(ExtensibilityGlobals) = postSolution
		SolutionGuid = {8E16F1F9-A9E9-439F-8FF2-275B8A883B20}
	EndGlobalSection
EndGlobal
